PODS:
  - Flutter (1.0.0)
  - tflite_flutter_plugin (0.0.1):
    - Flutter

DEPENDENCIES:
  - Flutter (from `Flutter`)
  - tflite_flutter_plugin (from `.symlinks/plugins/tflite_flutter_plugin/ios`)

EXTERNAL SOURCES:
  Flutter:
    :path: Flutter
  tflite_flutter_plugin:
    :path: ".symlinks/plugins/tflite_flutter_plugin/ios"

SPEC CHECKSUMS:
  Flutter: 0e3d915762c693b495b44d77113d4970485de6ec
  tflite_flutter_plugin: ea4052f0d9abb35292b4569ad6a47921ac6fa953

PODFILE CHECKSUM: 1b66dae606f75376c5f2135a8290850eeb09ae83

COCOAPODS: 1.9.0.beta.3
